
Microsoft Visual Studio Solution File, Format Version 12.00
# Visual Studio Version 17
VisualStudioVersion = 17.5.33424.131
MinimumVisualStudioVersion = 10.0.40219.1
Project("{2150E333-8FDC-42A3-9474-1A3956D46DE8}") = "Services", "Services", "{208A5D82-6329-4FD0-A238-FCCEB598C02D}"
EndProject
Project("{2150E333-8FDC-42A3-9474-1A3956D46DE8}") = "Catalog", "Catalog", "{7F650E05-0F3E-4BBB-AADF-3AA1D72D41C2}"
EndProject
Project("{9A19103F-16F7-4668-BE54-9A1E7A4F7556}") = "Catalog.API", "src\Services\Catalog\Catalog.API\Catalog.API.csproj", "{5E2515FA-D75F-45F3-9083-E5417BCE28EE}"
EndProject
Project("{2150E333-8FDC-42A3-9474-1A3956D46DE8}") = "Basket", "Basket", "{3BE1C43E-DB19-470E-96E3-C0DEDF49E4E5}"
EndProject
Project("{9A19103F-16F7-4668-BE54-9A1E7A4F7556}") = "Basket.API", "src\Services\Basket\Basket.API\Basket.API.csproj", "{72DA7165-EAC7-4891-9E8D-84AF4B14F7D8}"
EndProject
Project("{2150E333-8FDC-42A3-9474-1A3956D46DE8}") = "Discount", "Discount", "{2D908E62-DF40-4C7F-AC91-A072F1EDAED2}"
EndProject
Project("{9A19103F-16F7-4668-BE54-9A1E7A4F7556}") = "Discount.API", "src\Services\Discount\Discount.API\Discount.API.csproj", "{FD0DEB2A-9D8E-43AF-8A09-4D905EA1950E}"
EndProject
Project("{9A19103F-16F7-4668-BE54-9A1E7A4F7556}") = "Discount.Grpc", "src\Services\Discount\Discount.Grpc\Discount.Grpc.csproj", "{99CDF4CA-0780-467B-9EBE-E7E724CDEDD7}"
EndProject
Project("{2150E333-8FDC-42A3-9474-1A3956D46DE8}") = "Ordering", "Ordering", "{479ADD10-1C58-40F0-A376-63C4A017220A}"
EndProject
Project("{9A19103F-16F7-4668-BE54-9A1E7A4F7556}") = "Ordering.API", "src\Services\Ordering\Ordering.API\Ordering.API.csproj", "{6F863EE1-D862-4D34-BF70-62CDBE762C94}"
EndProject
Project("{FAE04EC0-301F-11D3-BF4B-00C04F79EFBC}") = "Ordering.Domain", "src\Services\Ordering\Ordering.Domain\Ordering.Domain.csproj", "{9DEF66D3-CEED-4D3C-8CD8-C8D49D02A6C0}"
EndProject
Project("{FAE04EC0-301F-11D3-BF4B-00C04F79EFBC}") = "Ordering.Application", "src\Services\Ordering\Ordering.Application\Ordering.Application.csproj", "{6B57AB8A-05CB-4F96-ABAC-C9E10D57EF01}"
EndProject
Project("{FAE04EC0-301F-11D3-BF4B-00C04F79EFBC}") = "Ordering.Infrastructure", "src\Services\Ordering\Ordering.Infrastructure\Ordering.Infrastructure.csproj", "{C481A485-A5C9-447A-9FD1-27AE9D10C2BC}"
EndProject
Project("{2150E333-8FDC-42A3-9474-1A3956D46DE8}") = "EventMessageQueue", "EventMessageQueue", "{477AE45F-2AF9-4728-A0C8-35E18E8BA8A9}"
EndProject
Project("{FAE04EC0-301F-11D3-BF4B-00C04F79EFBC}") = "EventBus.Messages", "src\BuildingBlocks\EventBus.Messages\EventBus.Messages.csproj", "{58BDB5DF-0DA6-4501-9CAB-011F187362AA}"
EndProject
Global
	GlobalSection(SolutionConfigurationPlatforms) = preSolution
		Debug|Any CPU = Debug|Any CPU
		Release|Any CPU = Release|Any CPU
	EndGlobalSection
	GlobalSection(ProjectConfigurationPlatforms) = postSolution
		{5E2515FA-D75F-45F3-9083-E5417BCE28EE}.Debug|Any CPU.ActiveCfg = Debug|Any CPU
		{5E2515FA-D75F-45F3-9083-E5417BCE28EE}.Debug|Any CPU.Build.0 = Debug|Any CPU
		{5E2515FA-D75F-45F3-9083-E5417BCE28EE}.Release|Any CPU.ActiveCfg = Release|Any CPU
		{5E2515FA-D75F-45F3-9083-E5417BCE28EE}.Release|Any CPU.Build.0 = Release|Any CPU
		{72DA7165-EAC7-4891-9E8D-84AF4B14F7D8}.Debug|Any CPU.ActiveCfg = Debug|Any CPU
		{72DA7165-EAC7-4891-9E8D-84AF4B14F7D8}.Debug|Any CPU.Build.0 = Debug|Any CPU
		{72DA7165-EAC7-4891-9E8D-84AF4B14F7D8}.Release|Any CPU.ActiveCfg = Release|Any CPU
		{72DA7165-EAC7-4891-9E8D-84AF4B14F7D8}.Release|Any CPU.Build.0 = Release|Any CPU
		{FD0DEB2A-9D8E-43AF-8A09-4D905EA1950E}.Debug|Any CPU.ActiveCfg = Debug|Any CPU
		{FD0DEB2A-9D8E-43AF-8A09-4D905EA1950E}.Debug|Any CPU.Build.0 = Debug|Any CPU
		{FD0DEB2A-9D8E-43AF-8A09-4D905EA1950E}.Release|Any CPU.ActiveCfg = Release|Any CPU
		{FD0DEB2A-9D8E-43AF-8A09-4D905EA1950E}.Release|Any CPU.Build.0 = Release|Any CPU
		{99CDF4CA-0780-467B-9EBE-E7E724CDEDD7}.Debug|Any CPU.ActiveCfg = Debug|Any CPU
		{99CDF4CA-0780-467B-9EBE-E7E724CDEDD7}.Debug|Any CPU.Build.0 = Debug|Any CPU
		{99CDF4CA-0780-467B-9EBE-E7E724CDEDD7}.Release|Any CPU.ActiveCfg = Release|Any CPU
		{99CDF4CA-0780-467B-9EBE-E7E724CDEDD7}.Release|Any CPU.Build.0 = Release|Any CPU
		{6F863EE1-D862-4D34-BF70-62CDBE762C94}.Debug|Any CPU.ActiveCfg = Debug|Any CPU
		{6F863EE1-D862-4D34-BF70-62CDBE762C94}.Debug|Any CPU.Build.0 = Debug|Any CPU
		{6F863EE1-D862-4D34-BF70-62CDBE762C94}.Release|Any CPU.ActiveCfg = Release|Any CPU
		{6F863EE1-D862-4D34-BF70-62CDBE762C94}.Release|Any CPU.Build.0 = Release|Any CPU
		{9DEF66D3-CEED-4D3C-8CD8-C8D49D02A6C0}.Debug|Any CPU.ActiveCfg = Debug|Any CPU
		{9DEF66D3-CEED-4D3C-8CD8-C8D49D02A6C0}.Debug|Any CPU.Build.0 = Debug|Any CPU
		{9DEF66D3-CEED-4D3C-8CD8-C8D49D02A6C0}.Release|Any CPU.ActiveCfg = Release|Any CPU
		{9DEF66D3-CEED-4D3C-8CD8-C8D49D02A6C0}.Release|Any CPU.Build.0 = Release|Any CPU
		{6B57AB8A-05CB-4F96-ABAC-C9E10D57EF01}.Debug|Any CPU.ActiveCfg = Debug|Any CPU
		{6B57AB8A-05CB-4F96-ABAC-C9E10D57EF01}.Debug|Any CPU.Build.0 = Debug|Any CPU
		{6B57AB8A-05CB-4F96-ABAC-C9E10D57EF01}.Release|Any CPU.ActiveCfg = Release|Any CPU
		{6B57AB8A-05CB-4F96-ABAC-C9E10D57EF01}.Release|Any CPU.Build.0 = Release|Any CPU
		{C481A485-A5C9-447A-9FD1-27AE9D10C2BC}.Debug|Any CPU.ActiveCfg = Debug|Any CPU
		{C481A485-A5C9-447A-9FD1-27AE9D10C2BC}.Debug|Any CPU.Build.0 = Debug|Any CPU
		{C481A485-A5C9-447A-9FD1-27AE9D10C2BC}.Release|Any CPU.ActiveCfg = Release|Any CPU
		{C481A485-A5C9-447A-9FD1-27AE9D10C2BC}.Release|Any CPU.Build.0 = Release|Any CPU
		{58BDB5DF-0DA6-4501-9CAB-011F187362AA}.Debug|Any CPU.ActiveCfg = Debug|Any CPU
		{58BDB5DF-0DA6-4501-9CAB-011F187362AA}.Debug|Any CPU.Build.0 = Debug|Any CPU
		{58BDB5DF-0DA6-4501-9CAB-011F187362AA}.Release|Any CPU.ActiveCfg = Release|Any CPU
		{58BDB5DF-0DA6-4501-9CAB-011F187362AA}.Release|Any CPU.Build.0 = Release|Any CPU
	EndGlobalSection
	GlobalSection(SolutionProperties) = preSolution
		HideSolutionNode = FALSE
	EndGlobalSection
	GlobalSection(NestedProjects) = preSolution
		{7F650E05-0F3E-4BBB-AADF-3AA1D72D41C2} = {208A5D82-6329-4FD0-A238-FCCEB598C02D}
		{5E2515FA-D75F-45F3-9083-E5417BCE28EE} = {7F650E05-0F3E-4BBB-AADF-3AA1D72D41C2}
		{3BE1C43E-DB19-470E-96E3-C0DEDF49E4E5} = {208A5D82-6329-4FD0-A238-FCCEB598C02D}
		{72DA7165-EAC7-4891-9E8D-84AF4B14F7D8} = {3BE1C43E-DB19-470E-96E3-C0DEDF49E4E5}
		{2D908E62-DF40-4C7F-AC91-A072F1EDAED2} = {208A5D82-6329-4FD0-A238-FCCEB598C02D}
		{FD0DEB2A-9D8E-43AF-8A09-4D905EA1950E} = {2D908E62-DF40-4C7F-AC91-A072F1EDAED2}
		{99CDF4CA-0780-467B-9EBE-E7E724CDEDD7} = {2D908E62-DF40-4C7F-AC91-A072F1EDAED2}
		{479ADD10-1C58-40F0-A376-63C4A017220A} = {208A5D82-6329-4FD0-A238-FCCEB598C02D}
		{6F863EE1-D862-4D34-BF70-62CDBE762C94} = {479ADD10-1C58-40F0-A376-63C4A017220A}
		{9DEF66D3-CEED-4D3C-8CD8-C8D49D02A6C0} = {479ADD10-1C58-40F0-A376-63C4A017220A}
		{6B57AB8A-05CB-4F96-ABAC-C9E10D57EF01} = {479ADD10-1C58-40F0-A376-63C4A017220A}
		{C481A485-A5C9-447A-9FD1-27AE9D10C2BC} = {479ADD10-1C58-40F0-A376-63C4A017220A}
		{58BDB5DF-0DA6-4501-9CAB-011F187362AA} = {477AE45F-2AF9-4728-A0C8-35E18E8BA8A9}
	EndGlobalSection
	GlobalSection(ExtensibilityGlobals) = postSolution
		SolutionGuid = {051777C9-220E-4B6E-B37C-30F12D13850C}
	EndGlobalSection
EndGlobal
